// !$*UTF8*$!
{
	archiveVersion = 1;
	classes = {
	};
	objectVersion = 56;
	objects = {

/* Begin PBXBuildFile section */
		B5BC82DD2BD3CAD700291EB0 /* AppDelegate.swift in Sources */ = {isa = PBXBuildFile; fileRef = B5BC82DC2BD3CAD700291EB0 /* AppDelegate.swift */; };
		B5BC82DF2BD3CAD700291EB0 /* SceneDelegate.swift in Sources */ = {isa = PBXBuildFile; fileRef = B5BC82DE2BD3CAD700291EB0 /* SceneDelegate.swift */; };
		B5BC82E42BD3CAD700291EB0 /* Main.storyboard in Resources */ = {isa = PBXBuildFile; fileRef = B5BC82E22BD3CAD700291EB0 /* Main.storyboard */; };
		B5BC82E62BD3CADB00291EB0 /* Assets.xcassets in Resources */ = {isa = PBXBuildFile; fileRef = B5BC82E52BD3CADB00291EB0 /* Assets.xcassets */; };
		B5BC82E92BD3CADB00291EB0 /* LaunchScreen.storyboard in Resources */ = {isa = PBXBuildFile; fileRef = B5BC82E72BD3CADB00291EB0 /* LaunchScreen.storyboard */; };
		B5F70ADB2BD3D3FF005754C6 /* TrackDetailsViewController.swift in Sources */ = {isa = PBXBuildFile; fileRef = B5F70ADA2BD3D3FF005754C6 /* TrackDetailsViewController.swift */; };
		B5F70ADD2BD3D443005754C6 /* TrackCell.swift in Sources */ = {isa = PBXBuildFile; fileRef = B5F70ADC2BD3D443005754C6 /* TrackCell.swift */; };
		B5F70AE42BD3D5AA005754C6 /* API.swift in Sources */ = {isa = PBXBuildFile; fileRef = B5F70AE32BD3D5AA005754C6 /* API.swift */; };
		B5F70AE62BD3D5F0005754C6 /* NetworkManager.swift in Sources */ = {isa = PBXBuildFile; fileRef = B5F70AE52BD3D5F0005754C6 /* NetworkManager.swift */; };
		B5F70AE92BD3D680005754C6 /* Track.swift in Sources */ = {isa = PBXBuildFile; fileRef = B5F70AE82BD3D680005754C6 /* Track.swift */; };
		B5F70AEB2BD3DD01005754C6 /* TrackListViewController.swift in Sources */ = {isa = PBXBuildFile; fileRef = B5F70AEA2BD3DD01005754C6 /* TrackListViewController.swift */; };
/* End PBXBuildFile section */

/* Begin PBXFileReference section */
		B5BC82D92BD3CAD700291EB0 /* TrackListApp.app */ = {isa = PBXFileReference; explicitFileType = wrapper.application; includeInIndex = 0; path = TrackListApp.app; sourceTree = BUILT_PRODUCTS_DIR; };
		B5BC82DC2BD3CAD700291EB0 /* AppDelegate.swift */ = {isa = PBXFileReference; lastKnownFileType = sourcecode.swift; path = AppDelegate.swift; sourceTree = "<group>"; };
		B5BC82DE2BD3CAD700291EB0 /* SceneDelegate.swift */ = {isa = PBXFileReference; lastKnownFileType = sourcecode.swift; path = SceneDelegate.swift; sourceTree = "<group>"; };
		B5BC82E32BD3CAD700291EB0 /* Base */ = {isa = PBXFileReference; lastKnownFileType = file.storyboard; name = Base; path = Base.lproj/Main.storyboard; sourceTree = "<group>"; };
		B5BC82E52BD3CADB00291EB0 /* Assets.xcassets */ = {isa = PBXFileReference; lastKnownFileType = folder.assetcatalog; path = Assets.xcassets; sourceTree = "<group>"; };
		B5BC82E82BD3CADB00291EB0 /* Base */ = {isa = PBXFileReference; lastKnownFileType = file.storyboard; name = Base; path = Base.lproj/LaunchScreen.storyboard; sourceTree = "<group>"; };
		B5BC82EA2BD3CADB00291EB0 /* Info.plist */ = {isa = PBXFileReference; lastKnownFileType = text.plist.xml; path = Info.plist; sourceTree = "<group>"; };
		B5F70ADA2BD3D3FF005754C6 /* TrackDetailsViewController.swift */ = {isa = PBXFileReference; lastKnownFileType = sourcecode.swift; path = TrackDetailsViewController.swift; sourceTree = "<group>"; };
		B5F70ADC2BD3D443005754C6 /* TrackCell.swift */ = {isa = PBXFileReference; lastKnownFileType = sourcecode.swift; path = TrackCell.swift; sourceTree = "<group>"; };
		B5F70AE32BD3D5AA005754C6 /* API.swift */ = {isa = PBXFileReference; lastKnownFileType = sourcecode.swift; path = API.swift; sourceTree = "<group>"; };
		B5F70AE52BD3D5F0005754C6 /* NetworkManager.swift */ = {isa = PBXFileReference; lastKnownFileType = sourcecode.swift; path = NetworkManager.swift; sourceTree = "<group>"; };
		B5F70AE82BD3D680005754C6 /* Track.swift */ = {isa = PBXFileReference; lastKnownFileType = sourcecode.swift; path = Track.swift; sourceTree = "<group>"; };
		B5F70AEA2BD3DD01005754C6 /* TrackListViewController.swift */ = {isa = PBXFileReference; lastKnownFileType = sourcecode.swift; path = TrackListViewController.swift; sourceTree = "<group>"; };
/* End PBXFileReference section */

/* Begin PBXFrameworksBuildPhase section */
		B5BC82D62BD3CAD700291EB0 /* Frameworks */ = {
			isa = PBXFrameworksBuildPhase;
			buildActionMask = 2147483647;
			files = (
			);
			runOnlyForDeploymentPostprocessing = 0;
		};
/* End PBXFrameworksBuildPhase section */

/* Begin PBXGroup section */
		B5BC82D02BD3CAD700291EB0 = {
			isa = PBXGroup;
			children = (
				B5BC82DB2BD3CAD700291EB0 /* TrackListApp */,
				B5BC82DA2BD3CAD700291EB0 /* Products */,
			);
			sourceTree = "<group>";
		};
		B5BC82DA2BD3CAD700291EB0 /* Products */ = {
			isa = PBXGroup;
			children = (
				B5BC82D92BD3CAD700291EB0 /* TrackListApp.app */,
			);
			name = Products;
			sourceTree = "<group>";
		};
		B5BC82DB2BD3CAD700291EB0 /* TrackListApp */ = {
			isa = PBXGroup;
			children = (
				B5F70AE72BD3D66C005754C6 /* Model */,
				B5F70AE22BD3D593005754C6 /* Services */,
				B5F70AE02BD3D4FF005754C6 /* ViewControllers */,
				B5F70ADC2BD3D443005754C6 /* TrackCell.swift */,
				B5F70ADE2BD3D4C0005754C6 /* Storyboards */,
				B5F70AE12BD3D519005754C6 /* Supporting */,
				B5F70ADF2BD3D4EA005754C6 /* Resources */,
			);
			path = TrackListApp;
			sourceTree = "<group>";
		};
		B5F70ADE2BD3D4C0005754C6 /* Storyboards */ = {
			isa = PBXGroup;
			children = (
				B5BC82E22BD3CAD700291EB0 /* Main.storyboard */,
				B5BC82E72BD3CADB00291EB0 /* LaunchScreen.storyboard */,
			);
			path = Storyboards;
			sourceTree = "<group>";
		};
		B5F70ADF2BD3D4EA005754C6 /* Resources */ = {
			isa = PBXGroup;
			children = (
				B5BC82E52BD3CADB00291EB0 /* Assets.xcassets */,
			);
			path = Resources;
			sourceTree = "<group>";
		};
		B5F70AE02BD3D4FF005754C6 /* ViewControllers */ = {
			isa = PBXGroup;
			children = (
				B5F70AEA2BD3DD01005754C6 /* TrackListViewController.swift */,
				B5F70ADA2BD3D3FF005754C6 /* TrackDetailsViewController.swift */,
			);
			path = ViewControllers;
			sourceTree = "<group>";
		};
		B5F70AE12BD3D519005754C6 /* Supporting */ = {
			isa = PBXGroup;
			children = (
				B5BC82DC2BD3CAD700291EB0 /* AppDelegate.swift */,
				B5BC82DE2BD3CAD700291EB0 /* SceneDelegate.swift */,
				B5BC82EA2BD3CADB00291EB0 /* Info.plist */,
			);
			path = Supporting;
			sourceTree = "<group>";
		};
		B5F70AE22BD3D593005754C6 /* Services */ = {
			isa = PBXGroup;
			children = (
				B5F70AE32BD3D5AA005754C6 /* API.swift */,
				B5F70AE52BD3D5F0005754C6 /* NetworkManager.swift */,
			);
			path = Services;
			sourceTree = "<group>";
		};
		B5F70AE72BD3D66C005754C6 /* Model */ = {
			isa = PBXGroup;
			children = (
				B5F70AE82BD3D680005754C6 /* Track.swift */,
			);
			path = Model;
			sourceTree = "<group>";
		};
/* End PBXGroup section */

/* Begin PBXNativeTarget section */
		B5BC82D82BD3CAD700291EB0 /* TrackListApp */ = {
			isa = PBXNativeTarget;
			buildConfigurationList = B5BC82ED2BD3CADB00291EB0 /* Build configuration list for PBXNativeTarget "TrackListApp" */;
			buildPhases = (
				B5BC82D52BD3CAD700291EB0 /* Sources */,
				B5BC82D62BD3CAD700291EB0 /* Frameworks */,
				B5BC82D72BD3CAD700291EB0 /* Resources */,
			);
			buildRules = (
			);
			dependencies = (
			);
			name = TrackListApp;
			productName = TrackListApp;
			productReference = B5BC82D92BD3CAD700291EB0 /* TrackListApp.app */;
			productType = "com.apple.product-type.application";
		};
/* End PBXNativeTarget section */

/* Begin PBXProject section */
		B5BC82D12BD3CAD700291EB0 /* Project object */ = {
			isa = PBXProject;
			attributes = {
				BuildIndependentTargetsInParallel = 1;
				LastSwiftUpdateCheck = 1500;
				LastUpgradeCheck = 1500;
				TargetAttributes = {
					B5BC82D82BD3CAD700291EB0 = {
						CreatedOnToolsVersion = 15.0.1;
					};
				};
			};
			buildConfigurationList = B5BC82D42BD3CAD700291EB0 /* Build configuration list for PBXProject "TrackListApp" */;
			compatibilityVersion = "Xcode 14.0";
			developmentRegion = en;
			hasScannedForEncodings = 0;
			knownRegions = (
				en,
				Base,
			);
			mainGroup = B5BC82D02BD3CAD700291EB0;
			productRefGroup = B5BC82DA2BD3CAD700291EB0 /* Products */;
			projectDirPath = "";
			projectRoot = "";
			targets = (
				B5BC82D82BD3CAD700291EB0 /* TrackListApp */,
			);
		};
/* End PBXProject section */

/* Begin PBXResourcesBuildPhase section */
		B5BC82D72BD3CAD700291EB0 /* Resources */ = {
			isa = PBXResourcesBuildPhase;
			buildActionMask = 2147483647;
			files = (
				B5BC82E92BD3CADB00291EB0 /* LaunchScreen.storyboard in Resources */,
				B5BC82E62BD3CADB00291EB0 /* Assets.xcassets in Resources */,
				B5BC82E42BD3CAD700291EB0 /* Main.storyboard in Resources */,
			);
			runOnlyForDeploymentPostprocessing = 0;
		};
/* End PBXResourcesBuildPhase section */

/* Begin PBXSourcesBuildPhase section */
		B5BC82D52BD3CAD700291EB0 /* Sources */ = {
			isa = PBXSourcesBuildPhase;
			buildActionMask = 2147483647;
			files = (
				B5F70AEB2BD3DD01005754C6 /* TrackListViewController.swift in Sources */,
				B5BC82DD2BD3CAD700291EB0 /* AppDelegate.swift in Sources */,
				B5BC82DF2BD3CAD700291EB0 /* SceneDelegate.swift in Sources */,
				B5F70ADB2BD3D3FF005754C6 /* TrackDetailsViewController.swift in Sources */,
				B5F70AE92BD3D680005754C6 /* Track.swift in Sources */,
				B5F70AE62BD3D5F0005754C6 /* NetworkManager.swift in Sources */,
				B5F70AE42BD3D5AA005754C6 /* API.swift in Sources */,
				B5F70ADD2BD3D443005754C6 /* TrackCell.swift in Sources */,
			);
			runOnlyForDeploymentPostprocessing = 0;
		};
/* End PBXSourcesBuildPhase section */

/* Begin PBXVariantGroup section */
		B5BC82E22BD3CAD700291EB0 /* Main.storyboard */ = {
			isa = PBXVariantGroup;
			children = (
				B5BC82E32BD3CAD700291EB0 /* Base */,
			);
			name = Main.storyboard;
			sourceTree = "<group>";
		};
		B5BC82E72BD3CADB00291EB0 /* LaunchScreen.storyboard */ = {
			isa = PBXVariantGroup;
			children = (
				B5BC82E82BD3CADB00291EB0 /* Base */,
			);
			name = LaunchScreen.storyboard;
			sourceTree = "<group>";
		};
/* End PBXVariantGroup section */

/* Begin XCBuildConfiguration section */
		B5BC82EB2BD3CADB00291EB0 /* Debug */ = {
			isa = XCBuildConfiguration;
			buildSettings = {
				ALWAYS_SEARCH_USER_PATHS = NO;
				ASSETCATALOG_COMPILER_GENERATE_SWIFT_ASSET_SYMBOL_EXTENSIONS = YES;
				CLANG_ANALYZER_NONNULL = YES;
				CLANG_ANALYZER_NUMBER_OBJECT_CONVERSION = YES_AGGRESSIVE;
				CLANG_CXX_LANGUAGE_STANDARD = "gnu++20";
				CLANG_ENABLE_MODULES = YES;
				CLANG_ENABLE_OBJC_ARC = YES;
				CLANG_ENABLE_OBJC_WEAK = YES;
				CLANG_WARN_BLOCK_CAPTURE_AUTORELEASING = YES;
				CLANG_WARN_BOOL_CONVERSION = YES;
				CLANG_WARN_COMMA = YES;
				CLANG_WARN_CONSTANT_CONVERSION = YES;
				CLANG_WARN_DEPRECATED_OBJC_IMPLEMENTATIONS = YES;
				CLANG_WARN_DIRECT_OBJC_ISA_USAGE = YES_ERROR;
				CLANG_WARN_DOCUMENTATION_COMMENTS = YES;
				CLANG_WARN_EMPTY_BODY = YES;
				CLANG_WARN_ENUM_CONVERSION = YES;
				CLANG_WARN_INFINITE_RECURSION = YES;
				CLANG_WARN_INT_CONVERSION = YES;
				CLANG_WARN_NON_LITERAL_NULL_CONVERSION = YES;
				CLANG_WARN_OBJC_IMPLICIT_RETAIN_SELF = YES;
				CLANG_WARN_OBJC_LITERAL_CONVERSION = YES;
				CLANG_WARN_OBJC_ROOT_CLASS = YES_ERROR;
				CLANG_WARN_QUOTED_INCLUDE_IN_FRAMEWORK_HEADER = YES;
				CLANG_WARN_RANGE_LOOP_ANALYSIS = YES;
				CLANG_WARN_STRICT_PROTOTYPES = YES;
				CLANG_WARN_SUSPICIOUS_MOVE = YES;
				CLANG_WARN_UNGUARDED_AVAILABILITY = YES_AGGRESSIVE;
				CLANG_WARN_UNREACHABLE_CODE = YES;
				CLANG_WARN__DUPLICATE_METHOD_MATCH = YES;
				COPY_PHASE_STRIP = NO;
				DEBUG_INFORMATION_FORMAT = dwarf;
				ENABLE_STRICT_OBJC_MSGSEND = YES;
				ENABLE_TESTABILITY = YES;
				ENABLE_USER_SCRIPT_SANDBOXING = YES;
				GCC_C_LANGUAGE_STANDARD = gnu17;
				GCC_DYNAMIC_NO_PIC = NO;
				GCC_NO_COMMON_BLOCKS = YES;
				GCC_OPTIMIZATION_LEVEL = 0;
				GCC_PREPROCESSOR_DEFINITIONS = (
					"DEBUG=1",
					"$(inherited)",
				);
				GCC_WARN_64_TO_32_BIT_CONVERSION = YES;
				GCC_WARN_ABOUT_RETURN_TYPE = YES_ERROR;
				GCC_WARN_UNDECLARED_SELECTOR = YES;
				GCC_WARN_UNINITIALIZED_AUTOS = YES_AGGRESSIVE;
				GCC_WARN_UNUSED_FUNCTION = YES;
				GCC_WARN_UNUSED_VARIABLE = YES;
				IPHONEOS_DEPLOYMENT_TARGET = 17.0;
				LOCALIZATION_PREFERS_STRING_CATALOGS = YES;
				MTL_ENABLE_DEBUG_INFO = INCLUDE_SOURCE;
				MTL_FAST_MATH = YES;
				ONLY_ACTIVE_ARCH = YES;
				SDKROOT = iphoneos;
				SWIFT_ACTIVE_COMPILATION_CONDITIONS = "DEBUG $(inherited)";
				SWIFT_OPTIMIZATION_LEVEL = "-Onone";
			};
			name = Debug;
		};
		B5BC82EC2BD3CADB00291EB0 /* Release */ = {
			isa = XCBuildConfiguration;
			buildSettings = {
				ALWAYS_SEARCH_USER_PATHS = NO;
				ASSETCATALOG_COMPILER_GENERATE_SWIFT_ASSET_SYMBOL_EXTENSIONS = YES;
				CLANG_ANALYZER_NONNULL = YES;
				CLANG_ANALYZER_NUMBER_OBJECT_CONVERSION = YES_AGGRESSIVE;
				CLANG_CXX_LANGUAGE_STANDARD = "gnu++20";
				CLANG_ENABLE_MODULES = YES;
				CLANG_ENABLE_OBJC_ARC = YES;
				CLANG_ENABLE_OBJC_WEAK = YES;
				CLANG_WARN_BLOCK_CAPTURE_AUTORELEASING = YES;
				CLANG_WARN_BOOL_CONVERSION = YES;
				CLANG_WARN_COMMA = YES;
				CLANG_WARN_CONSTANT_CONVERSION = YES;
				CLANG_WARN_DEPRECATED_OBJC_IMPLEMENTATIONS = YES;
				CLANG_WARN_DIRECT_OBJC_ISA_USAGE = YES_ERROR;
				CLANG_WARN_DOCUMENTATION_COMMENTS = YES;
				CLANG_WARN_EMPTY_BODY = YES;
				CLANG_WARN_ENUM_CONVERSION = YES;
				CLANG_WARN_INFINITE_RECURSION = YES;
				CLANG_WARN_INT_CONVERSION = YES;
				CLANG_WARN_NON_LITERAL_NULL_CONVERSION = YES;
				CLANG_WARN_OBJC_IMPLICIT_RETAIN_SELF = YES;
				CLANG_WARN_OBJC_LITERAL_CONVERSION = YES;
				CLANG_WARN_OBJC_ROOT_CLASS = YES_ERROR;
				CLANG_WARN_QUOTED_INCLUDE_IN_FRAMEWORK_HEADER = YES;
				CLANG_WARN_RANGE_LOOP_ANALYSIS = YES;
				CLANG_WARN_STRICT_PROTOTYPES = YES;
				CLANG_WARN_SUSPICIOUS_MOVE = YES;
				CLANG_WARN_UNGUARDED_AVAILABILITY = YES_AGGRESSIVE;
				CLANG_WARN_UNREACHABLE_CODE = YES;
				CLANG_WARN__DUPLICATE_METHOD_MATCH = YES;
				COPY_PHASE_STRIP = NO;
				DEBUG_INFORMATION_FORMAT = "dwarf-with-dsym";
				ENABLE_NS_ASSERTIONS = NO;
				ENABLE_STRICT_OBJC_MSGSEND = YES;
				ENABLE_USER_SCRIPT_SANDBOXING = YES;
				GCC_C_LANGUAGE_STANDARD = gnu17;
				GCC_NO_COMMON_BLOCKS = YES;
				GCC_WARN_64_TO_32_BIT_CONVERSION = YES;
				GCC_WARN_ABOUT_RETURN_TYPE = YES_ERROR;
				GCC_WARN_UNDECLARED_SELECTOR = YES;
				GCC_WARN_UNINITIALIZED_AUTOS = YES_AGGRESSIVE;
				GCC_WARN_UNUSED_FUNCTION = YES;
				GCC_WARN_UNUSED_VARIABLE = YES;
				IPHONEOS_DEPLOYMENT_TARGET = 17.0;
				LOCALIZATION_PREFERS_STRING_CATALOGS = YES;
				MTL_ENABLE_DEBUG_INFO = NO;
				MTL_FAST_MATH = YES;
				SDKROOT = iphoneos;
				SWIFT_COMPILATION_MODE = wholemodule;
				VALIDATE_PRODUCT = YES;
			};
			name = Release;
		};
		B5BC82EE2BD3CADB00291EB0 /* Debug */ = {
			isa = XCBuildConfiguration;
			buildSettings = {
				ASSETCATALOG_COMPILER_APPICON_NAME = AppIcon;
				ASSETCATALOG_COMPILER_GLOBAL_ACCENT_COLOR_NAME = AccentColor;
				CODE_SIGN_STYLE = Automatic;
				CURRENT_PROJECT_VERSION = 1;
				DEVELOPMENT_TEAM = 3CCNFR9RJK;
				GENERATE_INFOPLIST_FILE = YES;
				INFOPLIST_FILE = TrackListApp/Supporting/Info.plist;
				INFOPLIST_KEY_UIApplicationSupportsIndirectInputEvents = YES;
				INFOPLIST_KEY_UILaunchStoryboardName = LaunchScreen;
				INFOPLIST_KEY_UIMainStoryboardFile = Main;
				INFOPLIST_KEY_UISupportedInterfaceOrientations_iPad = "UIInterfaceOrientationPortrait UIInterfaceOrientationPortraitUpsideDown UIInterfaceOrientationLandscapeLeft UIInterfaceOrientationLandscapeRight";
				INFOPLIST_KEY_UISupportedInterfaceOrientations_iPhone = "UIInterfaceOrientationPortrait UIInterfaceOrientationLandscapeLeft UIInterfaceOrientationLandscapeRight";
				LD_RUNPATH_SEARCH_PATHS = (
					"$(inherited)",
					"@executable_path/Frameworks",
				);
				MARKETING_VERSION = 1.0;
				PRODUCT_BUNDLE_IDENTIFIER = com.AnastasiaKononchuk.TrackListApp;
				PRODUCT_NAME = "$(TARGET_NAME)";
				SWIFT_EMIT_LOC_STRINGS = YES;
				SWIFT_VERSION = 5.0;
				TARGETED_DEVICE_FAMILY = "1,2";
			};
			name = Debug;
		};
		B5BC82EF2BD3CADB00291EB0 /* Release */ = {
			isa = XCBuildConfiguration;
			buildSettings = {
				ASSETCATALOG_COMPILER_APPICON_NAME = AppIcon;
				ASSETCATALOG_COMPILER_GLOBAL_ACCENT_COLOR_NAME = AccentColor;
				CODE_SIGN_STYLE = Automatic;
				CURRENT_PROJECT_VERSION = 1;
				DEVELOPMENT_TEAM = 3CCNFR9RJK;
				GENERATE_INFOPLIST_FILE = YES;
				INFOPLIST_FILE = TrackListApp/Supporting/Info.plist;
				INFOPLIST_KEY_UIApplicationSupportsIndirectInputEvents = YES;
				INFOPLIST_KEY_UILaunchStoryboardName = LaunchScreen;
				INFOPLIST_KEY_UIMainStoryboardFile = Main;
				INFOPLIST_KEY_UISupportedInterfaceOrientations_iPad = "UIInterfaceOrientationPortrait UIInterfaceOrientationPortraitUpsideDown UIInterfaceOrientationLandscapeLeft UIInterfaceOrientationLandscapeRight";
				INFOPLIST_KEY_UISupportedInterfaceOrientations_iPhone = "UIInterfaceOrientationPortrait UIInterfaceOrientationLandscapeLeft UIInterfaceOrientationLandscapeRight";
				LD_RUNPATH_SEARCH_PATHS = (
					"$(inherited)",
					"@executable_path/Frameworks",
				);
				MARKETING_VERSION = 1.0;
				PRODUCT_BUNDLE_IDENTIFIER = com.AnastasiaKononchuk.TrackListApp;
				PRODUCT_NAME = "$(TARGET_NAME)";
				SWIFT_EMIT_LOC_STRINGS = YES;
				SWIFT_VERSION = 5.0;
				TARGETED_DEVICE_FAMILY = "1,2";
			};
			name = Release;
		};
/* End XCBuildConfiguration section */

/* Begin XCConfigurationList section */
		B5BC82D42BD3CAD700291EB0 /* Build configuration list for PBXProject "TrackListApp" */ = {
			isa = XCConfigurationList;
			buildConfigurations = (
				B5BC82EB2BD3CADB00291EB0 /* Debug */,
				B5BC82EC2BD3CADB00291EB0 /* Release */,
			);
			defaultConfigurationIsVisible = 0;
			defaultConfigurationName = Release;
		};
		B5BC82ED2BD3CADB00291EB0 /* Build configuration list for PBXNativeTarget "TrackListApp" */ = {
			isa = XCConfigurationList;
			buildConfigurations = (
				B5BC82EE2BD3CADB00291EB0 /* Debug */,
				B5BC82EF2BD3CADB00291EB0 /* Release */,
			);
			defaultConfigurationIsVisible = 0;
			defaultConfigurationName = Release;
		};
/* End XCConfigurationList section */
	};
	rootObject = B5BC82D12BD3CAD700291EB0 /* Project object */;
}
